<?xml version="1.0" encoding="utf-8"?>
<Project ToolsVersion="4.0" xmlns="http://schemas.microsoft.com/developer/msbuild/2003">
  <ItemGroup>
    <Filter Include="Library">
      <UniqueIdentifier>{d5173dcf-2786-4f98-bd55-d03549637dfe}</UniqueIdentifier>
    </Filter>
    <Filter Include="Src">
      <UniqueIdentifier>{80d0a5a9-6779-4863-bede-cc22a4986dc5}</UniqueIdentifier>
    </Filter>
    <Filter Include="Src\Framework">
      <UniqueIdentifier>{f5928314-3ee2-4e39-abfa-d93aa9ee5891}</UniqueIdentifier>
    </Filter>
    <Filter Include="Src\Framework\Direct3D">
      <UniqueIdentifier>{f193abd5-e51c-466e-a937-722bc9175e9a}</UniqueIdentifier>
    </Filter>
    <Filter Include="Src\Framework\Utility">
      <UniqueIdentifier>{f5d733b1-5031-4659-a9d4-0dd3add1e5fb}</UniqueIdentifier>
    </Filter>
    <Filter Include="Src\Framework\Window">
      <UniqueIdentifier>{cb022f2a-c5a2-449b-9b70-5110aff8550f}</UniqueIdentifier>
    </Filter>
    <Filter Include="Library\tinygltf">
      <UniqueIdentifier>{307bfbcd-124f-4ad7-85f5-3fd94f814b1f}</UniqueIdentifier>
    </Filter>
    <Filter Include="Src\Framework\Shader">
      <UniqueIdentifier>{93543c0c-58fe-4a94-8279-7be3021b65b1}</UniqueIdentifier>
    </Filter>
    <Filter Include="Src\Framework\Shader\SpriteShader">
      <UniqueIdentifier>{2da4d471-f4e8-4b2d-bdef-b93f91523b8b}</UniqueIdentifier>
    </Filter>
    <Filter Include="Src\Application">
      <UniqueIdentifier>{d0d0f9cf-dabd-4346-bc9a-d9c04cf42372}</UniqueIdentifier>
    </Filter>
    <Filter Include="Src\Framework\Math">
      <UniqueIdentifier>{04f33e76-24f0-4a58-9355-5770b3f6f9c6}</UniqueIdentifier>
    </Filter>
    <Filter Include="Src\Framework\Audio">
      <UniqueIdentifier>{2a0de30f-d7e8-4517-a9a1-20de6e434592}</UniqueIdentifier>
    </Filter>
    <Filter Include="Src\Framework\Shader\PostProcessShader">
      <UniqueIdentifier>{bfef98c3-f0b2-41b1-b813-6f298072287b}</UniqueIdentifier>
    </Filter>
    <Filter Include="Src\Framework\GameObject">
      <UniqueIdentifier>{d45ba257-913b-44e3-a012-888d7b6f2b68}</UniqueIdentifier>
    </Filter>
    <Filter Include="Src\Framework\Input">
      <UniqueIdentifier>{9bd33b87-53db-4bc0-b98d-80db98f4ba9b}</UniqueIdentifier>
    </Filter>
    <Filter Include="Src\Framework\Direct3D\Polygon">
      <UniqueIdentifier>{b91bce2d-4487-485a-a855-b2bb6ce0d30b}</UniqueIdentifier>
    </Filter>
    <Filter Include="Src\Framework\Shader\StandardShader">
      <UniqueIdentifier>{857913be-4481-4606-9719-87518d4a6aeb}</UniqueIdentifier>
    </Filter>
    <Filter Include="Src\Framework\Effekseer">
      <UniqueIdentifier>{c81b93e4-2f33-496a-985e-98658f1cec51}</UniqueIdentifier>
    </Filter>
    <Filter Include="Library\imgui">
      <UniqueIdentifier>{9e2b992a-9c34-450b-a4cf-c4749feebcc6}</UniqueIdentifier>
    </Filter>
    <Filter Include="Src\Framework\Utility\Debug">
      <UniqueIdentifier>{8998a2f9-9d4a-46aa-95ef-1d0c2545ca0d}</UniqueIdentifier>
    </Filter>
    <Filter Include="Src\Application\GameObject">
      <UniqueIdentifier>{9858b20c-c4cb-4133-9eda-b28c74235aa7}</UniqueIdentifier>
    </Filter>
    <Filter Include="Src\Application\GameObject\Camera">
      <UniqueIdentifier>{837cb603-8bef-438b-9814-1f88afc4f616}</UniqueIdentifier>
    </Filter>
    <Filter Include="Src\Application\GameObject\Camera\TPSCamera">
      <UniqueIdentifier>{5245e095-1870-4dc4-955f-3b7ccbd2ddaa}</UniqueIdentifier>
    </Filter>
    <Filter Include="Src\Application\GameObject\Camera\FPSCamera">
      <UniqueIdentifier>{d0d23d7d-5e27-4301-b41e-72bedc1202bc}</UniqueIdentifier>
    </Filter>
    <Filter Include="Src\Application\Scene">
      <UniqueIdentifier>{4d2ab234-f9f8-4d65-8770-a559283a7cb6}</UniqueIdentifier>
    </Filter>
    <Filter Include="Src\Application\Scene\BaseScene">
      <UniqueIdentifier>{00ac5e5d-1015-406e-a8db-649e83a3f93d}</UniqueIdentifier>
    </Filter>
    <Filter Include="Src\Application\Scene\GameScene">
      <UniqueIdentifier>{ec8d74aa-71c1-43a1-80fb-e5fb0be65922}</UniqueIdentifier>
    </Filter>
    <Filter Include="Src\Application\Scene\TitleScene">
      <UniqueIdentifier>{79ee70a1-187a-4dd1-8140-bdd9d69d2a00}</UniqueIdentifier>
    </Filter>
    <Filter Include="Src\Application\GameObject\Actor">
      <UniqueIdentifier>{5efba321-bd9d-484d-96e1-cd09be16dd63}</UniqueIdentifier>
    </Filter>
    <Filter Include="Src\Application\GameObject\Map">
      <UniqueIdentifier>{6c16fb34-3cdf-4fc5-99b8-aa1bcdd8244c}</UniqueIdentifier>
    </Filter>
    <Filter Include="Src\Application\Utility">
      <UniqueIdentifier>{0898495c-37c3-454b-a401-3f59d93c58fb}</UniqueIdentifier>
    </Filter>
    <Filter Include="Src\Application\GameObject\Actor\Player">
      <UniqueIdentifier>{ea60a7ed-d9e1-4b03-928b-0ef61bc048c6}</UniqueIdentifier>
    </Filter>
    <Filter Include="Src\Application\Factory">
      <UniqueIdentifier>{a06d722d-a883-4a6a-870a-37362287b6ce}</UniqueIdentifier>
    </Filter>
    <Filter Include="Src\Application\FileIO">
      <UniqueIdentifier>{768cf0fd-8373-4abf-a419-92b6eb249f01}</UniqueIdentifier>
    </Filter>
    <Filter Include="Src\Application\FileIO\GameObject">
      <UniqueIdentifier>{e92ed711-6a5c-4810-ad18-d82b29ac8443}</UniqueIdentifier>
    </Filter>
    <Filter Include="Src\Application\GameObject\Camera\DebugCamera">
      <UniqueIdentifier>{7dbe08a4-abb0-46bd-9978-aaad057ef809}</UniqueIdentifier>
    </Filter>
    <Filter Include="Src\Application\State">
      <UniqueIdentifier>{f7698b51-54a4-4560-8840-012c5dc90269}</UniqueIdentifier>
    </Filter>
    <Filter Include="Src\Application\State\Actor">
      <UniqueIdentifier>{c7ea70bc-702b-4892-a825-b4aa58bccd75}</UniqueIdentifier>
    </Filter>
    <Filter Include="Src\Application\State\Actor\Plaeyr">
      <UniqueIdentifier>{ef8f3d0a-20d5-4391-a11e-0872fb930f40}</UniqueIdentifier>
    </Filter>
    <Filter Include="Src\Application\State\Actor\Plaeyr\Idle">
      <UniqueIdentifier>{1bd26e2b-c508-4dbd-af18-58ca21eab94d}</UniqueIdentifier>
    </Filter>
    <Filter Include="Src\Application\State\Actor\Plaeyr\Move">
      <UniqueIdentifier>{c5897bb2-e089-46ae-b28b-08ff1a2f58c8}</UniqueIdentifier>
    </Filter>
    <Filter Include="Src\Application\State\Actor\Plaeyr\StickyBombThrow">
      <UniqueIdentifier>{4400338b-7b04-4705-9030-f2ae426cba03}</UniqueIdentifier>
    </Filter>
    <Filter Include="Src\Application\State\Camera">
      <UniqueIdentifier>{e9d49ff2-a067-4a85-85d6-ec8ab798f3a2}</UniqueIdentifier>
    </Filter>
    <Filter Include="Src\Application\State\Camera\TPSCamera">
      <UniqueIdentifier>{b7650cea-e309-40bd-88f2-d4e7148bfdaa}</UniqueIdentifier>
    </Filter>
    <Filter Include="Src\Application\State\Camera\TPSCamera\FollowPlayer">
      <UniqueIdentifier>{c0af836a-8a5e-40fa-900b-55a9a79757b2}</UniqueIdentifier>
    </Filter>
    <Filter Include="Src\Application\GameObject\Map\BackGround">
      <UniqueIdentifier>{36b589cb-8b1c-4998-96e9-de7651d817b5}</UniqueIdentifier>
    </Filter>
    <Filter Include="Src\Application\State\Camera\TPSCamera\FocusOnPlayerThrow">
      <UniqueIdentifier>{74c4fb6b-057c-4a04-9ca7-1a1847a38f93}</UniqueIdentifier>
    </Filter>
    <Filter Include="Src\Application\GameObject\Map\MapTile">
      <UniqueIdentifier>{5687ca9b-206d-493c-997e-f8aa62c2e100}</UniqueIdentifier>
    </Filter>
    <Filter Include="Src\Application\GameObject\Map\MapTile\Terrain">
      <UniqueIdentifier>{b6276315-a0bc-4f52-a0af-e6dc93d0ae9a}</UniqueIdentifier>
    </Filter>
    <Filter Include="Src\Application\GameObject\Map\MapTile\Gimmick">
      <UniqueIdentifier>{3dbc776d-dccb-4c2d-b665-0e71aa03f914}</UniqueIdentifier>
    </Filter>
    <Filter Include="Src\Application\GameObject\Projectile">
      <UniqueIdentifier>{c6ec8bc8-6518-4de9-97f5-b41d5b607d3d}</UniqueIdentifier>
    </Filter>
    <Filter Include="Src\Application\GameObject\Projectile\StickyBomb">
      <UniqueIdentifier>{022e7ada-d00b-46d7-a863-1e73b2472398}</UniqueIdentifier>
    </Filter>
    <Filter Include="Src\Application\Resource">
      <UniqueIdentifier>{7c6d5b24-1072-4d3c-8020-6c48972da497}</UniqueIdentifier>
    </Filter>
    <Filter Include="Src\System">
      <UniqueIdentifier>{b7dc9c7c-2489-43f2-b05d-e5ee56d442ea}</UniqueIdentifier>
    </Filter>
    <Filter Include="Src\System\DebugKey">
      <UniqueIdentifier>{847a95e5-56cc-4303-aea8-6f18d92f55bc}</UniqueIdentifier>
    </Filter>
    <Filter Include="Src\System\FileSystem">
      <UniqueIdentifier>{bdfbbc4e-0b78-44c9-8a75-b5536a8a8e98}</UniqueIdentifier>
    </Filter>
    <Filter Include="Src\System\ImGui">
      <UniqueIdentifier>{6bbd4a4f-c06f-43a3-b924-61b0ca9aa18c}</UniqueIdentifier>
    </Filter>
    <Filter Include="Src\System\Input">
      <UniqueIdentifier>{373e7506-2335-4898-87a3-1bd7fde91ef6}</UniqueIdentifier>
    </Filter>
    <Filter Include="Src\Application\Resource\Prefab">
      <UniqueIdentifier>{f2633523-b8e3-48df-8c2f-8c646fc580b4}</UniqueIdentifier>
    </Filter>
  </ItemGroup>
  <ItemGroup>
    <ClInclude Include="src\Pch.h">
      <Filter>Src</Filter>
    </ClInclude>
    <ClInclude Include="..\Library\tinygltf\json.hpp">
      <Filter>Library\tinygltf</Filter>
    </ClInclude>
    <ClInclude Include="..\Library\tinygltf\stb_image.h">
      <Filter>Library\tinygltf</Filter>
    </ClInclude>
    <ClInclude Include="..\Library\tinygltf\stb_image_write.h">
      <Filter>Library\tinygltf</Filter>
    </ClInclude>
    <ClInclude Include="..\Library\tinygltf\tiny_gltf.h">
      <Filter>Library\tinygltf</Filter>
    </ClInclude>
    <ClInclude Include="Src\Application\main.h">
      <Filter>Src\Application</Filter>
    </ClInclude>
    <ClInclude Include="src\Framework\Direct3D\KdDirect3D.h">
      <Filter>Src\Framework\Direct3D</Filter>
    </ClInclude>
    <ClInclude Include="src\Framework\Direct3D\KdTexture.h">
      <Filter>Src\Framework\Direct3D</Filter>
    </ClInclude>
    <ClInclude Include="src\Framework\Direct3D\KdBuffer.h">
      <Filter>Src\Framework\Direct3D</Filter>
    </ClInclude>
    <ClInclude Include="Src\Framework\Direct3D\KdGLTFLoader.h">
      <Filter>Src\Framework\Direct3D</Filter>
    </ClInclude>
    <ClInclude Include="Src\Framework\Shader\KdShaderManager.h">
      <Filter>Src\Framework\Shader</Filter>
    </ClInclude>
    <ClInclude Include="Src\Framework\Shader\SpriteShader\KdSpriteShader.h">
      <Filter>Src\Framework\Shader\SpriteShader</Filter>
    </ClInclude>
    <ClInclude Include="src\Framework\Utility\KdUtility.h">
      <Filter>Src\Framework\Utility</Filter>
    </ClInclude>
    <ClInclude Include="src\Framework\KdFramework.h">
      <Filter>Src\Framework</Filter>
    </ClInclude>
    <ClInclude Include="..\Library\strconv.h">
      <Filter>Library</Filter>
    </ClInclude>
    <ClInclude Include="src\Framework\Window\KdWindow.h">
      <Filter>Src\Framework\Window</Filter>
    </ClInclude>
    <ClInclude Include="src\Framework\Direct3D\KdMesh.h">
      <Filter>Src\Framework\Direct3D</Filter>
    </ClInclude>
    <ClInclude Include="Src\Framework\Direct3D\KdModel.h">
      <Filter>Src\Framework\Direct3D</Filter>
    </ClInclude>
    <ClInclude Include="Src\Framework\Math\KdCollision.h">
      <Filter>Src\Framework\Math</Filter>
    </ClInclude>
    <ClInclude Include="Src\Framework\Math\KdAnimation.h">
      <Filter>Src\Framework\Math</Filter>
    </ClInclude>
    <ClInclude Include="Src\Framework\Audio\KdAudio.h">
      <Filter>Src\Framework\Audio</Filter>
    </ClInclude>
    <ClInclude Include="Src\Framework\Direct3D\KdCamera.h">
      <Filter>Src\Framework\Direct3D</Filter>
    </ClInclude>
    <ClInclude Include="Src\Framework\Shader\PostProcessShader\KdPostProcessShader.h">
      <Filter>Src\Framework\Shader\PostProcessShader</Filter>
    </ClInclude>
    <ClInclude Include="Src\Framework\Math\KdCollider.h">
      <Filter>Src\Framework\Math</Filter>
    </ClInclude>
    <ClInclude Include="Src\Framework\Math\KdEasing.h">
      <Filter>Src\Framework\Math</Filter>
    </ClInclude>
    <ClInclude Include="Src\Framework\GameObject\KdGameObject.h">
      <Filter>Src\Framework\GameObject</Filter>
    </ClInclude>
    <ClInclude Include="Src\Framework\GameObject\KdGameObjectFactory.h">
      <Filter>Src\Framework\GameObject</Filter>
    </ClInclude>
    <ClInclude Include="Src\Framework\Input\KdInput.h">
      <Filter>Src\Framework\Input</Filter>
    </ClInclude>
    <ClInclude Include="Src\Framework\Utility\KdCSVData.h">
      <Filter>Src\Framework\Utility</Filter>
    </ClInclude>
    <ClInclude Include="Src\Framework\Direct3D\Polygon\KdPolygon.h">
      <Filter>Src\Framework\Direct3D\Polygon</Filter>
    </ClInclude>
    <ClInclude Include="Src\Framework\Direct3D\Polygon\KdSquarePolygon.h">
      <Filter>Src\Framework\Direct3D\Polygon</Filter>
    </ClInclude>
    <ClInclude Include="Src\Framework\Direct3D\Polygon\KdTrailPolygon.h">
      <Filter>Src\Framework\Direct3D\Polygon</Filter>
    </ClInclude>
    <ClInclude Include="Src\Framework\Direct3D\KdMaterial.h">
      <Filter>Src\Framework\Direct3D</Filter>
    </ClInclude>
    <ClInclude Include="Src\Framework\Utility\KdDataStorage.h">
      <Filter>Src\Framework\Utility</Filter>
    </ClInclude>
    <ClInclude Include="Src\Framework\Shader\KdAmbientController.h">
      <Filter>Src\Framework\Shader</Filter>
    </ClInclude>
    <ClInclude Include="Src\Framework\Math\KdUVAnimation.h">
      <Filter>Src\Framework\Math</Filter>
    </ClInclude>
    <ClInclude Include="Src\Framework\Shader\KdRenderTargetChange.h">
      <Filter>Src\Framework\Shader</Filter>
    </ClInclude>
    <ClInclude Include="Src\Framework\Utility\KdFPSController.h">
      <Filter>Src\Framework\Utility</Filter>
    </ClInclude>
    <ClInclude Include="Src\Framework\Shader\StandardShader\KdStandardShader.h">
      <Filter>Src\Framework\Shader\StandardShader</Filter>
    </ClInclude>
    <ClInclude Include="Src\Framework\Effekseer\KdEffekseerManager.h">
      <Filter>Src\Framework\Effekseer</Filter>
    </ClInclude>
    <ClInclude Include="Src\Framework\Utility\KdRandom.h">
      <Filter>Src\Framework\Utility</Filter>
    </ClInclude>
    <ClInclude Include="..\Library\imgui\imconfig.h">
      <Filter>Library\imgui</Filter>
    </ClInclude>
    <ClInclude Include="..\Library\imgui\imgui.h">
      <Filter>Library\imgui</Filter>
    </ClInclude>
    <ClInclude Include="..\Library\imgui\imgui_impl_dx11.h">
      <Filter>Library\imgui</Filter>
    </ClInclude>
    <ClInclude Include="..\Library\imgui\imgui_impl_win32.h">
      <Filter>Library\imgui</Filter>
    </ClInclude>
    <ClInclude Include="..\Library\imgui\imgui_internal.h">
      <Filter>Library\imgui</Filter>
    </ClInclude>
    <ClInclude Include="..\Library\imgui\imgui_stdlib.h">
      <Filter>Library\imgui</Filter>
    </ClInclude>
    <ClInclude Include="..\Library\imgui\imstb_rectpack.h">
      <Filter>Library\imgui</Filter>
    </ClInclude>
    <ClInclude Include="..\Library\imgui\imstb_textedit.h">
      <Filter>Library\imgui</Filter>
    </ClInclude>
    <ClInclude Include="..\Library\imgui\imstb_truetype.h">
      <Filter>Library\imgui</Filter>
    </ClInclude>
    <ClInclude Include="..\Library\imgui\ja_glyph_ranges.h">
      <Filter>Library\imgui</Filter>
    </ClInclude>
    <ClInclude Include="Src\Framework\Utility\Debug\KdDebugWireFrame.h">
      <Filter>Src\Framework\Utility\Debug</Filter>
    </ClInclude>
    <ClInclude Include="Src\Application\GameObject\Camera\CameraBase.h">
      <Filter>Src\Application\GameObject\Camera</Filter>
    </ClInclude>
    <ClInclude Include="Src\Application\GameObject\Camera\TPSCamera\TPSCamera.h">
      <Filter>Src\Application\GameObject\Camera\TPSCamera</Filter>
    </ClInclude>
    <ClInclude Include="Src\Application\GameObject\Camera\FPSCamera\FPSCamera.h">
      <Filter>Src\Application\GameObject\Camera\FPSCamera</Filter>
    </ClInclude>
    <ClInclude Include="Src\Application\Scene\SceneManager.h">
      <Filter>Src\Application\Scene</Filter>
    </ClInclude>
    <ClInclude Include="Src\Application\Scene\TitleScene\TitleScene.h">
      <Filter>Src\Application\Scene\TitleScene</Filter>
    </ClInclude>
    <ClInclude Include="Src\Application\Scene\GameScene\GameScene.h">
      <Filter>Src\Application\Scene\GameScene</Filter>
    </ClInclude>
    <ClInclude Include="Src\Application\Scene\BaseScene\BaseScene.h">
      <Filter>Src\Application\Scene\BaseScene</Filter>
    </ClInclude>
    <ClInclude Include="Src\Framework\Utility\KdDebugGUI.h">
      <Filter>Src\Framework\Utility</Filter>
    </ClInclude>
    <ClInclude Include="Src\Application\GameObject\Actor\ActorBase.h">
      <Filter>Src\Application\GameObject\Actor</Filter>
    </ClInclude>
    <ClInclude Include="Src\Application\Utility\CommonStruct.h">
      <Filter>Src\Application\Utility</Filter>
    </ClInclude>
    <ClInclude Include="Src\Application\GameObject\Actor\Player\Player.h">
      <Filter>Src\Application\GameObject\Actor\Player</Filter>
    </ClInclude>
    <ClInclude Include="Src\Application\Factory\Factory.h">
      <Filter>Src\Application\Factory</Filter>
    </ClInclude>
    <ClInclude Include="Src\Application\Utility\SingletonBase.h">
      <Filter>Src\Application\Utility</Filter>
    </ClInclude>
    <ClInclude Include="Src\Application\Utility\JsonUtility.h">
      <Filter>Src\Application\Utility</Filter>
    </ClInclude>
    <ClInclude Include="Src\Application\Utility\StringUtility.h">
      <Filter>Src\Application\Utility</Filter>
    </ClInclude>
    <ClInclude Include="Src\Application\FileIO\FileIOBase.h">
      <Filter>Src\Application\FileIO</Filter>
    </ClInclude>
    <ClInclude Include="Src\Application\FileIO\GameObject\GameObjectFileIO.h">
      <Filter>Src\Application\FileIO\GameObject</Filter>
    </ClInclude>
    <ClInclude Include="Src\Application\GameObject\Camera\DebugCamera\DebugCamera.h">
      <Filter>Src\Application\GameObject\Camera\DebugCamera</Filter>
    </ClInclude>
    <ClInclude Include="Src\Application\State\StateBase.h">
      <Filter>Src\Application\State</Filter>
    </ClInclude>
    <ClInclude Include="Src\Application\State\StateMachine.h">
      <Filter>Src\Application\State</Filter>
    </ClInclude>
    <ClInclude Include="Src\Application\State\Actor\Player\Idle\PlayerIdleState.h">
      <Filter>Src\Application\State\Actor\Plaeyr\Idle</Filter>
    </ClInclude>
    <ClInclude Include="Src\Application\State\Actor\Player\Move\PlayerMoveState.h">
      <Filter>Src\Application\State\Actor\Plaeyr\Move</Filter>
    </ClInclude>
    <ClInclude Include="Src\Application\Utility\CommonConstant.h">
      <Filter>Src\Application\Utility</Filter>
    </ClInclude>
    <ClInclude Include="Src\Application\State\Actor\Player\StickyBombThrow\PlayerPrepareStickyBombThrowState.h">
      <Filter>Src\Application\State\Actor\Plaeyr\StickyBombThrow</Filter>
    </ClInclude>
    <ClInclude Include="Src\Application\State\Actor\Player\StickyBombThrow\PlayerStickyBombThrowState.h">
      <Filter>Src\Application\State\Actor\Plaeyr\StickyBombThrow</Filter>
    </ClInclude>
    <ClInclude Include="Src\Application\State\Camera\TPSCamera\FollowPlayer\TPSCameraFollowPlayerState.h">
      <Filter>Src\Application\State\Camera\TPSCamera\FollowPlayer</Filter>
    </ClInclude>
    <ClInclude Include="Src\Application\GameObject\Map\BackGround\BackGround.h">
      <Filter>Src\Application\GameObject\Map\BackGround</Filter>
    </ClInclude>
    <ClInclude Include="Src\Application\State\Camera\TPSCamera\FocusOnPlayerThrow\TPSCameraFocusOnPlayerThrowState.h">
      <Filter>Src\Application\State\Camera\TPSCamera\FocusOnPlayerThrow</Filter>
    </ClInclude>
    <ClInclude Include="Src\Application\GameObject\Map\MapTile\MapTileBase.h">
      <Filter>Src\Application\GameObject\Map\MapTile</Filter>
    </ClInclude>
    <ClInclude Include="Src\Application\GameObject\Map\MapTile\Terrain\MapTileTerrain.h">
      <Filter>Src\Application\GameObject\Map\MapTile\Terrain</Filter>
    </ClInclude>
    <ClInclude Include="Src\Application\GameObject\Projectile\ProjectileBase.h">
      <Filter>Src\Application\GameObject\Projectile</Filter>
    </ClInclude>
    <ClInclude Include="Src\Application\GameObject\Projectile\StickyBomb\StickyBomb.h">
      <Filter>Src\Application\GameObject\Projectile\StickyBomb</Filter>
    </ClInclude>
    <ClInclude Include="Src\System\DebugKey\DebugKey.h">
      <Filter>Src\System\DebugKey</Filter>
    </ClInclude>
    <ClInclude Include="Src\System\FileSystem\FileSystem.h">
      <Filter>Src\System\FileSystem</Filter>
    </ClInclude>
    <ClInclude Include="Src\System\ImGui\ImGuiManager.h">
      <Filter>Src\System\ImGui</Filter>
    </ClInclude>
    <ClInclude Include="Src\System\Input\RawInputManager.h">
      <Filter>Src\System\Input</Filter>
    </ClInclude>
    <ClInclude Include="Src\Application\Resource\ResourceManager.h">
      <Filter>Src\Application\Resource</Filter>
    </ClInclude>
    <ClInclude Include="Src\Application\Resource\Prefab\Prefab.h">
      <Filter>Src\Application\Resource\Prefab</Filter>
    </ClInclude>
  </ItemGroup>
  <ItemGroup>
    <ClCompile Include="src\Pch.cpp">
      <Filter>Src</Filter>
    </ClCompile>
    <ClCompile Include="Src\Application\main.cpp">
      <Filter>Src\Application</Filter>
    </ClCompile>
    <ClCompile Include="src\Framework\Direct3D\KdDirect3D.cpp">
      <Filter>Src\Framework\Direct3D</Filter>
    </ClCompile>
    <ClCompile Include="src\Framework\Direct3D\KdTexture.cpp">
      <Filter>Src\Framework\Direct3D</Filter>
    </ClCompile>
    <ClCompile Include="src\Framework\Direct3D\KdBuffer.cpp">
      <Filter>Src\Framework\Direct3D</Filter>
    </ClCompile>
    <ClCompile Include="Src\Framework\Direct3D\KdGLTFLoader.cpp">
      <Filter>Src\Framework\Direct3D</Filter>
    </ClCompile>
    <ClCompile Include="Src\Framework\Shader\KdShaderManager.cpp">
      <Filter>Src\Framework\Shader</Filter>
    </ClCompile>
    <ClCompile Include="Src\Framework\Shader\SpriteShader\KdSpriteShader.cpp">
      <Filter>Src\Framework\Shader\SpriteShader</Filter>
    </ClCompile>
    <ClCompile Include="src\Framework\Window\KdWindow.cpp">
      <Filter>Src\Framework\Window</Filter>
    </ClCompile>
    <ClCompile Include="Src\Framework\Utility\KdUtility.cpp">
      <Filter>Src\Framework\Utility</Filter>
    </ClCompile>
    <ClCompile Include="src\Framework\Direct3D\KdMesh.cpp">
      <Filter>Src\Framework\Direct3D</Filter>
    </ClCompile>
    <ClCompile Include="Src\Framework\Direct3D\KdModel.cpp">
      <Filter>Src\Framework\Direct3D</Filter>
    </ClCompile>
    <ClCompile Include="Src\Framework\Math\KdCollision.cpp">
      <Filter>Src\Framework\Math</Filter>
    </ClCompile>
    <ClCompile Include="Src\Framework\Math\KdAnimation.cpp">
      <Filter>Src\Framework\Math</Filter>
    </ClCompile>
    <ClCompile Include="Src\Framework\Audio\KdAudio.cpp">
      <Filter>Src\Framework\Audio</Filter>
    </ClCompile>
    <ClCompile Include="Src\Framework\Direct3D\KdCamera.cpp">
      <Filter>Src\Framework\Direct3D</Filter>
    </ClCompile>
    <ClCompile Include="Src\Framework\Shader\PostProcessShader\KdPostProcessShader.cpp">
      <Filter>Src\Framework\Shader\PostProcessShader</Filter>
    </ClCompile>
    <ClCompile Include="Src\Framework\Math\KdCollider.cpp">
      <Filter>Src\Framework\Math</Filter>
    </ClCompile>
    <ClCompile Include="Src\Framework\Math\KdEasing.cpp">
      <Filter>Src\Framework\Math</Filter>
    </ClCompile>
    <ClCompile Include="Src\Framework\GameObject\KdGameObject.cpp">
      <Filter>Src\Framework\GameObject</Filter>
    </ClCompile>
    <ClCompile Include="Src\Framework\GameObject\KdGameObjectFactory.cpp">
      <Filter>Src\Framework\GameObject</Filter>
    </ClCompile>
    <ClCompile Include="Src\Framework\Input\KdInput.cpp">
      <Filter>Src\Framework\Input</Filter>
    </ClCompile>
    <ClCompile Include="Src\Framework\Utility\KdCSVData.cpp">
      <Filter>Src\Framework\Utility</Filter>
    </ClCompile>
    <ClCompile Include="Src\Framework\Direct3D\Polygon\KdSquarePolygon.cpp">
      <Filter>Src\Framework\Direct3D\Polygon</Filter>
    </ClCompile>
    <ClCompile Include="Src\Framework\Direct3D\Polygon\KdTrailPolygon.cpp">
      <Filter>Src\Framework\Direct3D\Polygon</Filter>
    </ClCompile>
    <ClCompile Include="Src\Framework\Direct3D\KdMaterial.cpp">
      <Filter>Src\Framework\Direct3D</Filter>
    </ClCompile>
    <ClCompile Include="Src\Framework\Direct3D\Polygon\KdPolygon.cpp">
      <Filter>Src\Framework\Direct3D\Polygon</Filter>
    </ClCompile>
    <ClCompile Include="Src\Framework\Shader\KdAmbientController.cpp">
      <Filter>Src\Framework\Shader</Filter>
    </ClCompile>
    <ClCompile Include="Src\Framework\Math\KdUVAnimation.cpp">
      <Filter>Src\Framework\Math</Filter>
    </ClCompile>
    <ClCompile Include="Src\Framework\Shader\KdRenderTargetChange.cpp">
      <Filter>Src\Framework\Shader</Filter>
    </ClCompile>
    <ClCompile Include="Src\Framework\Utility\KdFPSController.cpp">
      <Filter>Src\Framework\Utility</Filter>
    </ClCompile>
    <ClCompile Include="Src\Framework\Shader\StandardShader\KdStandardShader.cpp">
      <Filter>Src\Framework\Shader\StandardShader</Filter>
    </ClCompile>
    <ClCompile Include="Src\Framework\Effekseer\KdEffekseerManager.cpp">
      <Filter>Src\Framework\Effekseer</Filter>
    </ClCompile>
    <ClCompile Include="..\Library\imgui\imgui.cpp">
      <Filter>Library\imgui</Filter>
    </ClCompile>
    <ClCompile Include="..\Library\imgui\imgui_demo.cpp">
      <Filter>Library\imgui</Filter>
    </ClCompile>
    <ClCompile Include="..\Library\imgui\imgui_draw.cpp">
      <Filter>Library\imgui</Filter>
    </ClCompile>
    <ClCompile Include="..\Library\imgui\imgui_impl_dx11.cpp">
      <Filter>Library\imgui</Filter>
    </ClCompile>
    <ClCompile Include="..\Library\imgui\imgui_impl_win32.cpp">
      <Filter>Library\imgui</Filter>
    </ClCompile>
    <ClCompile Include="..\Library\imgui\imgui_stdlib.cpp">
      <Filter>Library\imgui</Filter>
    </ClCompile>
    <ClCompile Include="..\Library\imgui\imgui_tables.cpp">
      <Filter>Library\imgui</Filter>
    </ClCompile>
    <ClCompile Include="..\Library\imgui\imgui_widgets.cpp">
      <Filter>Library\imgui</Filter>
    </ClCompile>
    <ClCompile Include="Src\Framework\Utility\Debug\KdDebugWireFrame.cpp">
      <Filter>Src\Framework\Utility\Debug</Filter>
    </ClCompile>
    <ClCompile Include="Src\Application\GameObject\Camera\CameraBase.cpp">
      <Filter>Src\Application\GameObject\Camera</Filter>
    </ClCompile>
    <ClCompile Include="Src\Application\GameObject\Camera\TPSCamera\TPSCamera.cpp">
      <Filter>Src\Application\GameObject\Camera\TPSCamera</Filter>
    </ClCompile>
    <ClCompile Include="Src\Application\GameObject\Camera\FPSCamera\FPSCamera.cpp">
      <Filter>Src\Application\GameObject\Camera\FPSCamera</Filter>
    </ClCompile>
    <ClCompile Include="Src\Application\Scene\SceneManager.cpp">
      <Filter>Src\Application\Scene</Filter>
    </ClCompile>
    <ClCompile Include="Src\Application\Scene\TitleScene\TitleScene.cpp">
      <Filter>Src\Application\Scene\TitleScene</Filter>
    </ClCompile>
    <ClCompile Include="Src\Application\Scene\GameScene\GameScene.cpp">
      <Filter>Src\Application\Scene\GameScene</Filter>
    </ClCompile>
    <ClCompile Include="Src\Application\Scene\BaseScene\BaseScene.cpp">
      <Filter>Src\Application\Scene\BaseScene</Filter>
    </ClCompile>
    <ClCompile Include="Src\Framework\Utility\KdDebugGUI.cpp">
      <Filter>Src\Framework\Utility</Filter>
    </ClCompile>
    <ClCompile Include="Src\Application\GameObject\Actor\ActorBase.cpp">
      <Filter>Src\Application\GameObject\Actor</Filter>
    </ClCompile>
    <ClCompile Include="Src\Application\GameObject\Actor\Player\Player.cpp">
      <Filter>Src\Application\GameObject\Actor\Player</Filter>
    </ClCompile>
    <ClCompile Include="Src\Application\Factory\Factory.cpp">
      <Filter>Src\Application\Factory</Filter>
    </ClCompile>
    <ClCompile Include="Src\Application\FileIO\GameObject\GameObjectFileIO.cpp">
      <Filter>Src\Application\FileIO\GameObject</Filter>
    </ClCompile>
    <ClCompile Include="Src\Application\Utility\JsonUtility.cpp">
      <Filter>Src\Application\Utility</Filter>
    </ClCompile>
    <ClCompile Include="Src\Application\GameObject\Camera\DebugCamera\DebugCamera.cpp">
      <Filter>Src\Application\GameObject\Camera\DebugCamera</Filter>
    </ClCompile>
    <ClCompile Include="Src\Application\State\Actor\Player\Idle\PlayerIdleState.cpp">
      <Filter>Src\Application\State\Actor\Plaeyr\Idle</Filter>
    </ClCompile>
    <ClCompile Include="Src\Application\State\Actor\Player\Move\PlayerMoveState.cpp">
      <Filter>Src\Application\State\Actor\Plaeyr\Move</Filter>
    </ClCompile>
    <ClCompile Include="Src\Application\State\Actor\Player\StickyBombThrow\PlayerPrepareStickyBombThrowState.cpp">
      <Filter>Src\Application\State\Actor\Plaeyr\StickyBombThrow</Filter>
    </ClCompile>
    <ClCompile Include="Src\Application\State\Actor\Player\StickyBombThrow\PlayerStickyBombThrowState.cpp">
      <Filter>Src\Application\State\Actor\Plaeyr\StickyBombThrow</Filter>
    </ClCompile>
    <ClCompile Include="Src\Application\State\Camera\TPSCamera\FollowPlayer\TPSCameraFollowPlayerState.cpp">
      <Filter>Src\Application\State\Camera\TPSCamera\FollowPlayer</Filter>
    </ClCompile>
    <ClCompile Include="Src\Application\GameObject\Map\BackGround\BackGround.cpp">
      <Filter>Src\Application\GameObject\Map\BackGround</Filter>
    </ClCompile>
    <ClCompile Include="Src\Application\State\Camera\TPSCamera\FocusOnPlayerThrow\TPSCameraFocusOnPlayerThrowState.cpp">
      <Filter>Src\Application\State\Camera\TPSCamera\FocusOnPlayerThrow</Filter>
    </ClCompile>
    <ClCompile Include="Src\Application\GameObject\Map\MapTile\MapTileBase.cpp">
      <Filter>Src\Application\GameObject\Map\MapTile</Filter>
    </ClCompile>
    <ClCompile Include="Src\Application\GameObject\Map\MapTile\Terrain\MapTileTerrain.cpp">
      <Filter>Src\Application\GameObject\Map\MapTile\Terrain</Filter>
    </ClCompile>
    <ClCompile Include="Src\Application\GameObject\Projectile\ProjectileBase.cpp">
      <Filter>Src\Application\GameObject\Projectile</Filter>
    </ClCompile>
    <ClCompile Include="Src\Application\GameObject\Projectile\StickyBomb\StickyBomb.cpp">
      <Filter>Src\Application\GameObject\Projectile\StickyBomb</Filter>
    </ClCompile>
    <ClCompile Include="Src\System\DebugKey\DebugKey.cpp">
      <Filter>Src\System\DebugKey</Filter>
    </ClCompile>
    <ClCompile Include="Src\System\FileSystem\FileSystem.cpp">
      <Filter>Src\System\FileSystem</Filter>
    </ClCompile>
    <ClCompile Include="Src\System\ImGui\ImGuiManager.cpp">
      <Filter>Src\System\ImGui</Filter>
    </ClCompile>
    <ClCompile Include="Src\System\Input\RawInputManager.cpp">
      <Filter>Src\System\Input</Filter>
    </ClCompile>
    <ClCompile Include="Src\Application\Resource\ResourceManager.cpp">
      <Filter>Src\Application\Resource</Filter>
    </ClCompile>
    <ClCompile Include="Src\Application\Resource\Prefab\Prefab.cpp">
      <Filter>Src\Application\Resource\Prefab</Filter>
    </ClCompile>
  </ItemGroup>
  <ItemGroup>
    <None Include="Src\Framework\Shader\inc_KdCommon.hlsli">
      <Filter>Src\Framework\Shader</Filter>
    </None>
    <None Include="Src\Framework\Shader\SpriteShader\inc_KdSpriteShader.hlsli">
      <Filter>Src\Framework\Shader\SpriteShader</Filter>
    </None>
    <None Include="Src\Framework\Shader\PostProcessShader\inc_KdPostProcessShader.hlsli">
      <Filter>Src\Framework\Shader\PostProcessShader</Filter>
    </None>
    <None Include="Src\Framework\Shader\StandardShader\inc_KdStandardShader.hlsli">
      <Filter>Src\Framework\Shader\StandardShader</Filter>
    </None>
  </ItemGroup>
  <ItemGroup>
    <FxCompile Include="Src\Framework\Shader\SpriteShader\KdSpriteShader_PS.hlsl">
      <Filter>Src\Framework\Shader\SpriteShader</Filter>
    </FxCompile>
    <FxCompile Include="Src\Framework\Shader\SpriteShader\KdSpriteShader_VS.hlsl">
      <Filter>Src\Framework\Shader\SpriteShader</Filter>
    </FxCompile>
    <FxCompile Include="Src\Framework\Shader\PostProcessShader\KdPostProcessShader_PS_Blur.hlsl">
      <Filter>Src\Framework\Shader\PostProcessShader</Filter>
    </FxCompile>
    <FxCompile Include="Src\Framework\Shader\PostProcessShader\KdPostProcessShader_VS.hlsl">
      <Filter>Src\Framework\Shader\PostProcessShader</Filter>
    </FxCompile>
    <FxCompile Include="Src\Framework\Shader\PostProcessShader\KdPostProcessShader_PS_DoF.hlsl">
      <Filter>Src\Framework\Shader\PostProcessShader</Filter>
    </FxCompile>
    <FxCompile Include="Src\Framework\Shader\PostProcessShader\KdPostProcessShader_PS_Bright.hlsl">
      <Filter>Src\Framework\Shader\PostProcessShader</Filter>
    </FxCompile>
    <FxCompile Include="Src\Framework\Shader\StandardShader\KdStandardShader_PS_GenDepthMapFromLight.hlsl">
      <Filter>Src\Framework\Shader\StandardShader</Filter>
    </FxCompile>
    <FxCompile Include="Src\Framework\Shader\StandardShader\KdStandardShader_PS_Lit.hlsl">
      <Filter>Src\Framework\Shader\StandardShader</Filter>
    </FxCompile>
    <FxCompile Include="Src\Framework\Shader\StandardShader\KdStandardShader_PS_UnLit.hlsl">
      <Filter>Src\Framework\Shader\StandardShader</Filter>
    </FxCompile>
    <FxCompile Include="Src\Framework\Shader\StandardShader\KdStandardShader_VS_GenDepthMapFromLight.hlsl">
      <Filter>Src\Framework\Shader\StandardShader</Filter>
    </FxCompile>
    <FxCompile Include="Src\Framework\Shader\StandardShader\KdStandardShader_VS_Lit.hlsl">
      <Filter>Src\Framework\Shader\StandardShader</Filter>
    </FxCompile>
    <FxCompile Include="Src\Framework\Shader\StandardShader\KdStandardShader_VS_UnLit.hlsl">
      <Filter>Src\Framework\Shader\StandardShader</Filter>
    </FxCompile>
  </ItemGroup>
</Project>